
Microsoft Visual Studio Solution File, Format Version 12.00
# Visual Studio 2012
Project("{FAE04EC0-301F-11D3-BF4B-00C04F79EFBC}") = "IdentityCheck", "IdentityCheck\IdentityCheck.csproj", "{A0B4ADB4-FB06-4860-A899-7D4D5CE10972}"
EndProject
Global
	GlobalSection(SolutionConfigurationPlatforms) = preSolution
		Debug|Any CPU = Debug|Any CPU
		Release|Any CPU = Release|Any CPU
	EndGlobalSection
	GlobalSection(ProjectConfigurationPlatforms) = postSolution
		{A0B4ADB4-FB06-4860-A899-7D4D5CE10972}.Debug|Any CPU.ActiveCfg = Debug|Any CPU
		{A0B4ADB4-FB06-4860-A899-7D4D5CE10972}.Debug|Any CPU.Build.0 = Debug|Any CPU
		{A0B4ADB4-FB06-4860-A899-7D4D5CE10972}.Release|Any CPU.ActiveCfg = Release|Any CPU
		{A0B4ADB4-FB06-4860-A899-7D4D5CE10972}.Release|Any CPU.Build.0 = Release|Any CPU
	EndGlobalSection
	GlobalSection(SolutionProperties) = preSolution
		HideSolutionNode = FALSE
	EndGlobalSection
EndGlobal
